
Microsoft Visual Studio Solution File, Format Version 12.00
# Visual Studio Version 16
VisualStudioVersion = 16.0.30907.101
MinimumVisualStudioVersion = 10.0.40219.1
Project("{FAE04EC0-301F-11D3-BF4B-00C04F79EFBC}") = "CrmBL", "BL\CrmBL.csproj", "{DE87614F-2A05-43D4-8D55-69FA7F479532}"
EndProject
Global
	GlobalSection(SolutionConfigurationPlatforms) = preSolution
		Debug|Any CPU = Debug|Any CPU
		Release|Any CPU = Release|Any CPU
	EndGlobalSection
	GlobalSection(ProjectConfigurationPlatforms) = postSolution
		{DE87614F-2A05-43D4-8D55-69FA7F479532}.Debug|Any CPU.ActiveCfg = Debug|Any CPU
		{DE87614F-2A05-43D4-8D55-69FA7F479532}.Debug|Any CPU.Build.0 = Debug|Any CPU
		{DE87614F-2A05-43D4-8D55-69FA7F479532}.Release|Any CPU.ActiveCfg = Release|Any CPU
		{DE87614F-2A05-43D4-8D55-69FA7F479532}.Release|Any CPU.Build.0 = Release|Any CPU
	EndGlobalSection
	GlobalSection(SolutionProperties) = preSolution
		HideSolutionNode = FALSE
	EndGlobalSection
	GlobalSection(ExtensibilityGlobals) = postSolution
		SolutionGuid = {698B334A-C645-470A-8B2C-56CF9E7456AD}
	EndGlobalSection
EndGlobal
